{
  "name": "bokjidream-hwp-scripts",
  "version": "1.0.0",
  "lockfileVersion": 3,
  "requires": true,
  "packages": {
    "": {
      "name": "bokjidream-hwp-scripts",
      "version": "1.0.0",
      "dependencies": {
        "adm-zip": "^0.5.16",
        "k-skill-rhwp": "^0.2.0"
      },
      "engines": {
        "node": ">=18"
      }
    },
    "node_modules/@rhwp/core": {
      "version": "0.7.12",
      "resolved": "https://registry.npmjs.org/@rhwp/core/-/core-0.7.12.tgz",
      "integrity": "sha512-uKEtrpuW/lm20imEmkPT5/ePcpaOATDVdr2Erc7Tl4gqiWQ13YQXi2A/9YAB20eroAPJcKnm/SAg0oClKO+3/w==",
      "license": "MIT"
    },
    "node_modules/adm-zip": {
      "version": "0.5.17",
      "resolved": "https://registry.npmjs.org/adm-zip/-/adm-zip-0.5.17.tgz",
      "integrity": "sha512-+Ut8d9LLqwEvHHJl1+PIHqoyDxFgVN847JTVM3Izi3xHDWPE4UtzzXysMZQs64DMcrJfBeS/uoEP4AD3HQHnQQ==",
      "license": "MIT",
      "engines": {
        "node": ">=12.0"
      }
    },
    "node_modules/k-skill-rhwp": {
      "version": "0.2.0",
      "resolved": "https://registry.npmjs.org/k-skill-rhwp/-/k-skill-rhwp-0.2.0.tgz",
      "integrity": "sha512-6kk+wWINteVJWWvggQlhCSkrV/cuDDcSvjrCJuZ8TTurROCvusTLhpKqO5YkvhyH2iyJWferke3qg9Y02o9mkA==",
      "license": "MIT",
      "dependencies": {
        "@rhwp/core": "^0.7.3"
      },
      "bin": {
        "k-skill-rhwp": "bin/k-skill-rhwp.js"
      },
      "engines": {
        "node": ">=18"
      }
    }
  }
}
